
Microsoft Visual Studio Solution File, Format Version 12.00
# Visual Studio Version 17
VisualStudioVersion = 17.14.36401.2 d17.14
MinimumVisualStudioVersion = 10.0.40219.1
Project("{FAE04EC0-301F-11D3-BF4B-00C04F79EFBC}") = "Assignment04Basics", "Assignment04Basics\Assignment04Basics.csproj", "{06E74406-290E-496C-B00C-6A05E00CE8EA}"
EndProject
Project("{FAE04EC0-301F-11D3-BF4B-00C04F79EFBC}") = "Demo", "Demo\Demo.csproj", "{0161AD48-8BB5-491C-86A8-3543EBFE772D}"
EndProject
Global
	GlobalSection(SolutionConfigurationPlatforms) = preSolution
		Debug|Any CPU = Debug|Any CPU
		Release|Any CPU = Release|Any CPU
	EndGlobalSection
	GlobalSection(ProjectConfigurationPlatforms) = postSolution
		{06E74406-290E-496C-B00C-6A05E00CE8EA}.Debug|Any CPU.ActiveCfg = Debug|Any CPU
		{06E74406-290E-496C-B00C-6A05E00CE8EA}.Debug|Any CPU.Build.0 = Debug|Any CPU
		{06E74406-290E-496C-B00C-6A05E00CE8EA}.Release|Any CPU.ActiveCfg = Release|Any CPU
		{06E74406-290E-496C-B00C-6A05E00CE8EA}.Release|Any CPU.Build.0 = Release|Any CPU
		{0161AD48-8BB5-491C-86A8-3543EBFE772D}.Debug|Any CPU.ActiveCfg = Debug|Any CPU
		{0161AD48-8BB5-491C-86A8-3543EBFE772D}.Debug|Any CPU.Build.0 = Debug|Any CPU
		{0161AD48-8BB5-491C-86A8-3543EBFE772D}.Release|Any CPU.ActiveCfg = Release|Any CPU
		{0161AD48-8BB5-491C-86A8-3543EBFE772D}.Release|Any CPU.Build.0 = Release|Any CPU
	EndGlobalSection
	GlobalSection(SolutionProperties) = preSolution
		HideSolutionNode = FALSE
	EndGlobalSection
	GlobalSection(ExtensibilityGlobals) = postSolution
		SolutionGuid = {E2C1C03D-14ED-4A3F-8D88-0F4B817D9F22}
	EndGlobalSection
EndGlobal
